
Microsoft Visual Studio Solution File, Format Version 12.00
# Visual Studio Version 17
VisualStudioVersion = 17.14.36212.18 d17.14
MinimumVisualStudioVersion = 10.0.40219.1
Project("{FAE04EC0-301F-11D3-BF4B-00C04F79EFBC}") = "vjezba_4", "vjezba_4\vjezba_4.csproj", "{579D1A4F-39E4-4E4C-AC45-41EA2F0FB141}"
EndProject
Global
	GlobalSection(SolutionConfigurationPlatforms) = preSolution
		Debug|Any CPU = Debug|Any CPU
		Release|Any CPU = Release|Any CPU
	EndGlobalSection
	GlobalSection(ProjectConfigurationPlatforms) = postSolution
		{579D1A4F-39E4-4E4C-AC45-41EA2F0FB141}.Debug|Any CPU.ActiveCfg = Debug|Any CPU
		{579D1A4F-39E4-4E4C-AC45-41EA2F0FB141}.Debug|Any CPU.Build.0 = Debug|Any CPU
		{579D1A4F-39E4-4E4C-AC45-41EA2F0FB141}.Release|Any CPU.ActiveCfg = Release|Any CPU
		{579D1A4F-39E4-4E4C-AC45-41EA2F0FB141}.Release|Any CPU.Build.0 = Release|Any CPU
	EndGlobalSection
	GlobalSection(SolutionProperties) = preSolution
		HideSolutionNode = FALSE
	EndGlobalSection
	GlobalSection(ExtensibilityGlobals) = postSolution
		SolutionGuid = {BC535B66-4BFE-4E1F-825D-9E482F00AA5E}
	EndGlobalSection
EndGlobal
